
Microsoft Visual Studio Solution File, Format Version 12.00
# Visual Studio Version 16
VisualStudioVersion = 16.0.30611.23
MinimumVisualStudioVersion = 10.0.40219.1
Project("{8BC9CEB8-8B4A-11D0-8D11-00A0C91BC942}") = "Linkedlist_queue", "Linkedlist_queue\Linkedlist_queue.vcxproj", "{0BB52156-C773-4DCC-978E-6047B92E7779}"
EndProject
Global
	GlobalSection(SolutionConfigurationPlatforms) = preSolution
		Debug|x64 = Debug|x64
		Debug|x86 = Debug|x86
		Release|x64 = Release|x64
		Release|x86 = Release|x86
	EndGlobalSection
	GlobalSection(ProjectConfigurationPlatforms) = postSolution
		{0BB52156-C773-4DCC-978E-6047B92E7779}.Debug|x64.ActiveCfg = Debug|x64
		{0BB52156-C773-4DCC-978E-6047B92E7779}.Debug|x64.Build.0 = Debug|x64
		{0BB52156-C773-4DCC-978E-6047B92E7779}.Debug|x86.ActiveCfg = Debug|Win32
		{0BB52156-C773-4DCC-978E-6047B92E7779}.Debug|x86.Build.0 = Debug|Win32
		{0BB52156-C773-4DCC-978E-6047B92E7779}.Release|x64.ActiveCfg = Release|x64
		{0BB52156-C773-4DCC-978E-6047B92E7779}.Release|x64.Build.0 = Release|x64
		{0BB52156-C773-4DCC-978E-6047B92E7779}.Release|x86.ActiveCfg = Release|Win32
		{0BB52156-C773-4DCC-978E-6047B92E7779}.Release|x86.Build.0 = Release|Win32
	EndGlobalSection
	GlobalSection(SolutionProperties) = preSolution
		HideSolutionNode = FALSE
	EndGlobalSection
	GlobalSection(ExtensibilityGlobals) = postSolution
		SolutionGuid = {B861243F-1255-4F76-B585-6DAA8EA3E572}
	EndGlobalSection
EndGlobal
